
Microsoft Visual Studio Solution File, Format Version 12.00
# Visual Studio Version 16
VisualStudioVersion = 16.0.31729.503
MinimumVisualStudioVersion = 10.0.40219.1
Project("{FAE04EC0-301F-11D3-BF4B-00C04F79EFBC}") = "proveedoresLECH", "proveedoresLECH.csproj", "{E1BC94F5-F824-4EEF-839B-8BD8201BFF5B}"
EndProject
Global
	GlobalSection(SolutionConfigurationPlatforms) = preSolution
		Debug|Any CPU = Debug|Any CPU
		Release|Any CPU = Release|Any CPU
	EndGlobalSection
	GlobalSection(ProjectConfigurationPlatforms) = postSolution
		{E1BC94F5-F824-4EEF-839B-8BD8201BFF5B}.Debug|Any CPU.ActiveCfg = Debug|Any CPU
		{E1BC94F5-F824-4EEF-839B-8BD8201BFF5B}.Debug|Any CPU.Build.0 = Debug|Any CPU
		{E1BC94F5-F824-4EEF-839B-8BD8201BFF5B}.Release|Any CPU.ActiveCfg = Release|Any CPU
		{E1BC94F5-F824-4EEF-839B-8BD8201BFF5B}.Release|Any CPU.Build.0 = Release|Any CPU
	EndGlobalSection
	GlobalSection(SolutionProperties) = preSolution
		HideSolutionNode = FALSE
	EndGlobalSection
	GlobalSection(ExtensibilityGlobals) = postSolution
		SolutionGuid = {EB7D7BEC-105F-476E-8745-89E7AC09ECE7}
	EndGlobalSection
EndGlobal
